
Microsoft Visual Studio Solution File, Format Version 12.00
# Visual Studio Version 17
VisualStudioVersion = 17.14.36408.4
MinimumVisualStudioVersion = 10.0.40219.1
Project("{8BC9CEB8-8B4A-11D0-8D11-00A0C91BC942}") = "tehtävä1", "testi\testi.vcxproj", "{9944CD08-6C82-4468-A8E0-0644AAD86B78}"
EndProject
Project("{8BC9CEB8-8B4A-11D0-8D11-00A0C91BC942}") = "tehtävä2", "tehtävä2\tehtävä2.vcxproj", "{5B513D81-404F-46C9-BF18-3754C5832377}"
EndProject
Project("{8BC9CEB8-8B4A-11D0-8D11-00A0C91BC942}") = "tehtävä3", "tehtävä3\tehtävä3.vcxproj", "{5422E52B-0D5B-42F7-A797-31B20DB9FDEA}"
EndProject
Project("{8BC9CEB8-8B4A-11D0-8D11-00A0C91BC942}") = "tehtävä4", "tehtävä4\tehtävä4.vcxproj", "{13AA7501-82C9-4897-9329-E71A6A1EA241}"
EndProject
Project("{8BC9CEB8-8B4A-11D0-8D11-00A0C91BC942}") = "tehtävä5", "tehtävä5\tehtävä5.vcxproj", "{818DCA24-EBFB-458D-A4EF-0EF5E929522E}"
EndProject
Project("{8BC9CEB8-8B4A-11D0-8D11-00A0C91BC942}") = "tehtävä6", "tehtävä6\tehtävä6.vcxproj", "{2D6052DE-C3C4-4265-B832-05F5CB516F79}"
EndProject
Project("{8BC9CEB8-8B4A-11D0-8D11-00A0C91BC942}") = "tehtävä7", "tehtävä7\tehtävä7.vcxproj", "{84BFCD79-52BF-48F2-95E6-A487CD80E657}"
EndProject
Project("{8BC9CEB8-8B4A-11D0-8D11-00A0C91BC942}") = "tuntitehtävä1", "tuntitehtävä1\tuntitehtävä1.vcxproj", "{456366C6-6A8C-4D65-878A-5D0757C47AAB}"
EndProject
Project("{8BC9CEB8-8B4A-11D0-8D11-00A0C91BC942}") = "tuntitehtävä2", "tuntitehtävä2\tuntitehtävä2.vcxproj", "{CFFA0C6E-3C00-48D7-B312-2F09D180D047}"
EndProject
Project("{8BC9CEB8-8B4A-11D0-8D11-00A0C91BC942}") = "tuntitehtävä3", "tuntitehtävä3\tuntitehtävä3.vcxproj", "{3D373994-2EC5-4DEF-B69C-ED4FBAA66B7F}"
EndProject
Project("{8BC9CEB8-8B4A-11D0-8D11-00A0C91BC942}") = "tuntitehtävä4", "tuntitehtävä4\tuntitehtävä4.vcxproj", "{0061CCEB-CDDC-4350-969B-3A17CCF086D1}"
EndProject
Project("{8BC9CEB8-8B4A-11D0-8D11-00A0C91BC942}") = "tuntitehtävä5", "tuntitehtävä5\tuntitehtävä5.vcxproj", "{7812797F-8B51-4F92-9DFC-9CCDFF04AB7C}"
EndProject
Project("{8BC9CEB8-8B4A-11D0-8D11-00A0C91BC942}") = "tuntitehtävä6", "tuntitehtävä6\tuntitehtävä6.vcxproj", "{9C52E5AB-1CD2-4522-8C57-07D355384A36}"
EndProject
Project("{8BC9CEB8-8B4A-11D0-8D11-00A0C91BC942}") = "kotiteht2.1", "kotiteht2.1\kotiteht2.1.vcxproj", "{420F115A-78A4-4C41-9301-7250B69B200C}"
EndProject
Project("{8BC9CEB8-8B4A-11D0-8D11-00A0C91BC942}") = "kotiteht2.2", "kotiteht2.2\kotiteht2.2.vcxproj", "{752DBDCA-E170-4BC1-8B69-A43F91D13097}"
EndProject
Project("{8BC9CEB8-8B4A-11D0-8D11-00A0C91BC942}") = "kotiteht2.4", "kotiteht2.3\kotiteht2.3.vcxproj", "{8EA04B2F-415A-402F-889D-9246F3B35D06}"
EndProject
Project("{8BC9CEB8-8B4A-11D0-8D11-00A0C91BC942}") = "kotiteht2.5", "kotiteht2.5\kotiteht2.5.vcxproj", "{F18891A2-161B-4797-B4ED-BF335B99663A}"
EndProject
Project("{8BC9CEB8-8B4A-11D0-8D11-00A0C91BC942}") = "kotiteht2.6", "kotiteht2.6\kotiteht2.6.vcxproj", "{AA99E95B-FFD3-4E4E-ABC9-89716BF30B6C}"
EndProject
Project("{8BC9CEB8-8B4A-11D0-8D11-00A0C91BC942}") = "tuntiteht2.1", "tuntiteht2.1\tuntiteht2.1.vcxproj", "{64B6BAE1-14E6-4147-B1F8-8F58B225CF67}"
EndProject
Project("{8BC9CEB8-8B4A-11D0-8D11-00A0C91BC942}") = "tuntiteht2.2", "tuntiteht2.2\tuntiteht2.2.vcxproj", "{AE5B7B39-8F71-4A98-B1E4-B75A00AF3884}"
EndProject
Project("{8BC9CEB8-8B4A-11D0-8D11-00A0C91BC942}") = "tuntiteht2.3", "tuntiteht2.3\tuntiteht2.3.vcxproj", "{1542985B-7C04-4679-96FE-29BAC61482E9}"
EndProject
Project("{8BC9CEB8-8B4A-11D0-8D11-00A0C91BC942}") = "tuntiteht2.4", "tuntiteht2.4\tuntiteht2.4.vcxproj", "{E3CA652F-FED8-43BB-8700-7AC4BB297B93}"
EndProject
Project("{8BC9CEB8-8B4A-11D0-8D11-00A0C91BC942}") = "tuntiteht2.5", "tuntiteht2.5\tuntiteht2.5.vcxproj", "{9541544D-210D-4FE3-B7C4-AA57EEC00716}"
EndProject
Project("{8BC9CEB8-8B4A-11D0-8D11-00A0C91BC942}") = "tuntiteht2.6", "tuntiteht2.6\tuntiteht2.6.vcxproj", "{9468E662-B621-49D1-8DCF-739EDDC2A4B4}"
EndProject
Project("{8BC9CEB8-8B4A-11D0-8D11-00A0C91BC942}") = "kotiteht3.1", "kotiteht3\kotiteht3.vcxproj", "{E7367D0E-9B4C-4C23-9B0B-FC913B079059}"
EndProject
Project("{8BC9CEB8-8B4A-11D0-8D11-00A0C91BC942}") = "kotiteht3.2", "kotiteht3.2\kotiteht3.2.vcxproj", "{E52F1CAC-7D64-460F-A9F2-94802C5F3CF8}"
EndProject
Project("{8BC9CEB8-8B4A-11D0-8D11-00A0C91BC942}") = "kotiteht3.3", "kotiteht3.3\kotiteht3.3.vcxproj", "{78D2E51E-93C6-44D0-8AF2-1A63EE7B3608}"
EndProject
Project("{8BC9CEB8-8B4A-11D0-8D11-00A0C91BC942}") = "kotiteht3.4", "kotiteht3.4\kotiteht3.4.vcxproj", "{F1342B42-0E29-4DC9-8F27-CCA555847AE5}"
EndProject
Project("{8BC9CEB8-8B4A-11D0-8D11-00A0C91BC942}") = "kotiteht3.5", "kotiteht3.5\kotiteht3.5.vcxproj", "{0247CBCE-734E-40F0-AE85-2FC039DAE37A}"
EndProject
Project("{8BC9CEB8-8B4A-11D0-8D11-00A0C91BC942}") = "kotiteht3.6", "kotiteht3.6\kotiteht3.6.vcxproj", "{8AFBFAB2-D87C-4136-BABA-2C97FD3780BE}"
EndProject
Global
	GlobalSection(SolutionConfigurationPlatforms) = preSolution
		Debug|x64 = Debug|x64
		Debug|x86 = Debug|x86
		Release|x64 = Release|x64
		Release|x86 = Release|x86
	EndGlobalSection
	GlobalSection(ProjectConfigurationPlatforms) = postSolution
		{9944CD08-6C82-4468-A8E0-0644AAD86B78}.Debug|x64.ActiveCfg = Debug|x64
		{9944CD08-6C82-4468-A8E0-0644AAD86B78}.Debug|x64.Build.0 = Debug|x64
		{9944CD08-6C82-4468-A8E0-0644AAD86B78}.Debug|x86.ActiveCfg = Debug|Win32
		{9944CD08-6C82-4468-A8E0-0644AAD86B78}.Debug|x86.Build.0 = Debug|Win32
		{9944CD08-6C82-4468-A8E0-0644AAD86B78}.Release|x64.ActiveCfg = Release|x64
		{9944CD08-6C82-4468-A8E0-0644AAD86B78}.Release|x64.Build.0 = Release|x64
		{9944CD08-6C82-4468-A8E0-0644AAD86B78}.Release|x86.ActiveCfg = Release|Win32
		{9944CD08-6C82-4468-A8E0-0644AAD86B78}.Release|x86.Build.0 = Release|Win32
		{5B513D81-404F-46C9-BF18-3754C5832377}.Debug|x64.ActiveCfg = Debug|x64
		{5B513D81-404F-46C9-BF18-3754C5832377}.Debug|x64.Build.0 = Debug|x64
		{5B513D81-404F-46C9-BF18-3754C5832377}.Debug|x86.ActiveCfg = Debug|Win32
		{5B513D81-404F-46C9-BF18-3754C5832377}.Debug|x86.Build.0 = Debug|Win32
		{5B513D81-404F-46C9-BF18-3754C5832377}.Release|x64.ActiveCfg = Release|x64
		{5B513D81-404F-46C9-BF18-3754C5832377}.Release|x64.Build.0 = Release|x64
		{5B513D81-404F-46C9-BF18-3754C5832377}.Release|x86.ActiveCfg = Release|Win32
		{5B513D81-404F-46C9-BF18-3754C5832377}.Release|x86.Build.0 = Release|Win32
		{5422E52B-0D5B-42F7-A797-31B20DB9FDEA}.Debug|x64.ActiveCfg = Debug|x64
		{5422E52B-0D5B-42F7-A797-31B20DB9FDEA}.Debug|x64.Build.0 = Debug|x64
		{5422E52B-0D5B-42F7-A797-31B20DB9FDEA}.Debug|x86.ActiveCfg = Debug|Win32
		{5422E52B-0D5B-42F7-A797-31B20DB9FDEA}.Debug|x86.Build.0 = Debug|Win32
		{5422E52B-0D5B-42F7-A797-31B20DB9FDEA}.Release|x64.ActiveCfg = Release|x64
		{5422E52B-0D5B-42F7-A797-31B20DB9FDEA}.Release|x64.Build.0 = Release|x64
		{5422E52B-0D5B-42F7-A797-31B20DB9FDEA}.Release|x86.ActiveCfg = Release|Win32
		{5422E52B-0D5B-42F7-A797-31B20DB9FDEA}.Release|x86.Build.0 = Release|Win32
		{13AA7501-82C9-4897-9329-E71A6A1EA241}.Debug|x64.ActiveCfg = Debug|x64
		{13AA7501-82C9-4897-9329-E71A6A1EA241}.Debug|x64.Build.0 = Debug|x64
		{13AA7501-82C9-4897-9329-E71A6A1EA241}.Debug|x86.ActiveCfg = Debug|Win32
		{13AA7501-82C9-4897-9329-E71A6A1EA241}.Debug|x86.Build.0 = Debug|Win32
		{13AA7501-82C9-4897-9329-E71A6A1EA241}.Release|x64.ActiveCfg = Release|x64
		{13AA7501-82C9-4897-9329-E71A6A1EA241}.Release|x64.Build.0 = Release|x64
		{13AA7501-82C9-4897-9329-E71A6A1EA241}.Release|x86.ActiveCfg = Release|Win32
		{13AA7501-82C9-4897-9329-E71A6A1EA241}.Release|x86.Build.0 = Release|Win32
		{818DCA24-EBFB-458D-A4EF-0EF5E929522E}.Debug|x64.ActiveCfg = Debug|x64
		{818DCA24-EBFB-458D-A4EF-0EF5E929522E}.Debug|x64.Build.0 = Debug|x64
		{818DCA24-EBFB-458D-A4EF-0EF5E929522E}.Debug|x86.ActiveCfg = Debug|Win32
		{818DCA24-EBFB-458D-A4EF-0EF5E929522E}.Debug|x86.Build.0 = Debug|Win32
		{818DCA24-EBFB-458D-A4EF-0EF5E929522E}.Release|x64.ActiveCfg = Release|x64
		{818DCA24-EBFB-458D-A4EF-0EF5E929522E}.Release|x64.Build.0 = Release|x64
		{818DCA24-EBFB-458D-A4EF-0EF5E929522E}.Release|x86.ActiveCfg = Release|Win32
		{818DCA24-EBFB-458D-A4EF-0EF5E929522E}.Release|x86.Build.0 = Release|Win32
		{2D6052DE-C3C4-4265-B832-05F5CB516F79}.Debug|x64.ActiveCfg = Debug|x64
		{2D6052DE-C3C4-4265-B832-05F5CB516F79}.Debug|x64.Build.0 = Debug|x64
		{2D6052DE-C3C4-4265-B832-05F5CB516F79}.Debug|x86.ActiveCfg = Debug|Win32
		{2D6052DE-C3C4-4265-B832-05F5CB516F79}.Debug|x86.Build.0 = Debug|Win32
		{2D6052DE-C3C4-4265-B832-05F5CB516F79}.Release|x64.ActiveCfg = Release|x64
		{2D6052DE-C3C4-4265-B832-05F5CB516F79}.Release|x64.Build.0 = Release|x64
		{2D6052DE-C3C4-4265-B832-05F5CB516F79}.Release|x86.ActiveCfg = Release|Win32
		{2D6052DE-C3C4-4265-B832-05F5CB516F79}.Release|x86.Build.0 = Release|Win32
		{84BFCD79-52BF-48F2-95E6-A487CD80E657}.Debug|x64.ActiveCfg = Debug|x64
		{84BFCD79-52BF-48F2-95E6-A487CD80E657}.Debug|x64.Build.0 = Debug|x64
		{84BFCD79-52BF-48F2-95E6-A487CD80E657}.Debug|x86.ActiveCfg = Debug|Win32
		{84BFCD79-52BF-48F2-95E6-A487CD80E657}.Debug|x86.Build.0 = Debug|Win32
		{84BFCD79-52BF-48F2-95E6-A487CD80E657}.Release|x64.ActiveCfg = Release|x64
		{84BFCD79-52BF-48F2-95E6-A487CD80E657}.Release|x64.Build.0 = Release|x64
		{84BFCD79-52BF-48F2-95E6-A487CD80E657}.Release|x86.ActiveCfg = Release|Win32
		{84BFCD79-52BF-48F2-95E6-A487CD80E657}.Release|x86.Build.0 = Release|Win32
		{456366C6-6A8C-4D65-878A-5D0757C47AAB}.Debug|x64.ActiveCfg = Debug|x64
		{456366C6-6A8C-4D65-878A-5D0757C47AAB}.Debug|x64.Build.0 = Debug|x64
		{456366C6-6A8C-4D65-878A-5D0757C47AAB}.Debug|x86.ActiveCfg = Debug|Win32
		{456366C6-6A8C-4D65-878A-5D0757C47AAB}.Debug|x86.Build.0 = Debug|Win32
		{456366C6-6A8C-4D65-878A-5D0757C47AAB}.Release|x64.ActiveCfg = Release|x64
		{456366C6-6A8C-4D65-878A-5D0757C47AAB}.Release|x64.Build.0 = Release|x64
		{456366C6-6A8C-4D65-878A-5D0757C47AAB}.Release|x86.ActiveCfg = Release|Win32
		{456366C6-6A8C-4D65-878A-5D0757C47AAB}.Release|x86.Build.0 = Release|Win32
		{CFFA0C6E-3C00-48D7-B312-2F09D180D047}.Debug|x64.ActiveCfg = Debug|x64
		{CFFA0C6E-3C00-48D7-B312-2F09D180D047}.Debug|x64.Build.0 = Debug|x64
		{CFFA0C6E-3C00-48D7-B312-2F09D180D047}.Debug|x86.ActiveCfg = Debug|Win32
		{CFFA0C6E-3C00-48D7-B312-2F09D180D047}.Debug|x86.Build.0 = Debug|Win32
		{CFFA0C6E-3C00-48D7-B312-2F09D180D047}.Release|x64.ActiveCfg = Release|x64
		{CFFA0C6E-3C00-48D7-B312-2F09D180D047}.Release|x64.Build.0 = Release|x64
		{CFFA0C6E-3C00-48D7-B312-2F09D180D047}.Release|x86.ActiveCfg = Release|Win32
		{CFFA0C6E-3C00-48D7-B312-2F09D180D047}.Release|x86.Build.0 = Release|Win32
		{3D373994-2EC5-4DEF-B69C-ED4FBAA66B7F}.Debug|x64.ActiveCfg = Debug|x64
		{3D373994-2EC5-4DEF-B69C-ED4FBAA66B7F}.Debug|x64.Build.0 = Debug|x64
		{3D373994-2EC5-4DEF-B69C-ED4FBAA66B7F}.Debug|x86.ActiveCfg = Debug|Win32
		{3D373994-2EC5-4DEF-B69C-ED4FBAA66B7F}.Debug|x86.Build.0 = Debug|Win32
		{3D373994-2EC5-4DEF-B69C-ED4FBAA66B7F}.Release|x64.ActiveCfg = Release|x64
		{3D373994-2EC5-4DEF-B69C-ED4FBAA66B7F}.Release|x64.Build.0 = Release|x64
		{3D373994-2EC5-4DEF-B69C-ED4FBAA66B7F}.Release|x86.ActiveCfg = Release|Win32
		{3D373994-2EC5-4DEF-B69C-ED4FBAA66B7F}.Release|x86.Build.0 = Release|Win32
		{0061CCEB-CDDC-4350-969B-3A17CCF086D1}.Debug|x64.ActiveCfg = Debug|x64
		{0061CCEB-CDDC-4350-969B-3A17CCF086D1}.Debug|x64.Build.0 = Debug|x64
		{0061CCEB-CDDC-4350-969B-3A17CCF086D1}.Debug|x86.ActiveCfg = Debug|Win32
		{0061CCEB-CDDC-4350-969B-3A17CCF086D1}.Debug|x86.Build.0 = Debug|Win32
		{0061CCEB-CDDC-4350-969B-3A17CCF086D1}.Release|x64.ActiveCfg = Release|x64
		{0061CCEB-CDDC-4350-969B-3A17CCF086D1}.Release|x64.Build.0 = Release|x64
		{0061CCEB-CDDC-4350-969B-3A17CCF086D1}.Release|x86.ActiveCfg = Release|Win32
		{0061CCEB-CDDC-4350-969B-3A17CCF086D1}.Release|x86.Build.0 = Release|Win32
		{7812797F-8B51-4F92-9DFC-9CCDFF04AB7C}.Debug|x64.ActiveCfg = Debug|x64
		{7812797F-8B51-4F92-9DFC-9CCDFF04AB7C}.Debug|x64.Build.0 = Debug|x64
		{7812797F-8B51-4F92-9DFC-9CCDFF04AB7C}.Debug|x86.ActiveCfg = Debug|Win32
		{7812797F-8B51-4F92-9DFC-9CCDFF04AB7C}.Debug|x86.Build.0 = Debug|Win32
		{7812797F-8B51-4F92-9DFC-9CCDFF04AB7C}.Release|x64.ActiveCfg = Release|x64
		{7812797F-8B51-4F92-9DFC-9CCDFF04AB7C}.Release|x64.Build.0 = Release|x64
		{7812797F-8B51-4F92-9DFC-9CCDFF04AB7C}.Release|x86.ActiveCfg = Release|Win32
		{7812797F-8B51-4F92-9DFC-9CCDFF04AB7C}.Release|x86.Build.0 = Release|Win32
		{9C52E5AB-1CD2-4522-8C57-07D355384A36}.Debug|x64.ActiveCfg = Debug|x64
		{9C52E5AB-1CD2-4522-8C57-07D355384A36}.Debug|x64.Build.0 = Debug|x64
		{9C52E5AB-1CD2-4522-8C57-07D355384A36}.Debug|x86.ActiveCfg = Debug|Win32
		{9C52E5AB-1CD2-4522-8C57-07D355384A36}.Debug|x86.Build.0 = Debug|Win32
		{9C52E5AB-1CD2-4522-8C57-07D355384A36}.Release|x64.ActiveCfg = Release|x64
		{9C52E5AB-1CD2-4522-8C57-07D355384A36}.Release|x64.Build.0 = Release|x64
		{9C52E5AB-1CD2-4522-8C57-07D355384A36}.Release|x86.ActiveCfg = Release|Win32
		{9C52E5AB-1CD2-4522-8C57-07D355384A36}.Release|x86.Build.0 = Release|Win32
		{420F115A-78A4-4C41-9301-7250B69B200C}.Debug|x64.ActiveCfg = Debug|x64
		{420F115A-78A4-4C41-9301-7250B69B200C}.Debug|x64.Build.0 = Debug|x64
		{420F115A-78A4-4C41-9301-7250B69B200C}.Debug|x86.ActiveCfg = Debug|Win32
		{420F115A-78A4-4C41-9301-7250B69B200C}.Debug|x86.Build.0 = Debug|Win32
		{420F115A-78A4-4C41-9301-7250B69B200C}.Release|x64.ActiveCfg = Release|x64
		{420F115A-78A4-4C41-9301-7250B69B200C}.Release|x64.Build.0 = Release|x64
		{420F115A-78A4-4C41-9301-7250B69B200C}.Release|x86.ActiveCfg = Release|Win32
		{420F115A-78A4-4C41-9301-7250B69B200C}.Release|x86.Build.0 = Release|Win32
		{752DBDCA-E170-4BC1-8B69-A43F91D13097}.Debug|x64.ActiveCfg = Debug|x64
		{752DBDCA-E170-4BC1-8B69-A43F91D13097}.Debug|x64.Build.0 = Debug|x64
		{752DBDCA-E170-4BC1-8B69-A43F91D13097}.Debug|x86.ActiveCfg = Debug|Win32
		{752DBDCA-E170-4BC1-8B69-A43F91D13097}.Debug|x86.Build.0 = Debug|Win32
		{752DBDCA-E170-4BC1-8B69-A43F91D13097}.Release|x64.ActiveCfg = Release|x64
		{752DBDCA-E170-4BC1-8B69-A43F91D13097}.Release|x64.Build.0 = Release|x64
		{752DBDCA-E170-4BC1-8B69-A43F91D13097}.Release|x86.ActiveCfg = Release|Win32
		{752DBDCA-E170-4BC1-8B69-A43F91D13097}.Release|x86.Build.0 = Release|Win32
		{8EA04B2F-415A-402F-889D-9246F3B35D06}.Debug|x64.ActiveCfg = Debug|x64
		{8EA04B2F-415A-402F-889D-9246F3B35D06}.Debug|x64.Build.0 = Debug|x64
		{8EA04B2F-415A-402F-889D-9246F3B35D06}.Debug|x86.ActiveCfg = Debug|Win32
		{8EA04B2F-415A-402F-889D-9246F3B35D06}.Debug|x86.Build.0 = Debug|Win32
		{8EA04B2F-415A-402F-889D-9246F3B35D06}.Release|x64.ActiveCfg = Release|x64
		{8EA04B2F-415A-402F-889D-9246F3B35D06}.Release|x64.Build.0 = Release|x64
		{8EA04B2F-415A-402F-889D-9246F3B35D06}.Release|x86.ActiveCfg = Release|Win32
		{8EA04B2F-415A-402F-889D-9246F3B35D06}.Release|x86.Build.0 = Release|Win32
		{F18891A2-161B-4797-B4ED-BF335B99663A}.Debug|x64.ActiveCfg = Debug|x64
		{F18891A2-161B-4797-B4ED-BF335B99663A}.Debug|x64.Build.0 = Debug|x64
		{F18891A2-161B-4797-B4ED-BF335B99663A}.Debug|x86.ActiveCfg = Debug|Win32
		{F18891A2-161B-4797-B4ED-BF335B99663A}.Debug|x86.Build.0 = Debug|Win32
		{F18891A2-161B-4797-B4ED-BF335B99663A}.Release|x64.ActiveCfg = Release|x64
		{F18891A2-161B-4797-B4ED-BF335B99663A}.Release|x64.Build.0 = Release|x64
		{F18891A2-161B-4797-B4ED-BF335B99663A}.Release|x86.ActiveCfg = Release|Win32
		{F18891A2-161B-4797-B4ED-BF335B99663A}.Release|x86.Build.0 = Release|Win32
		{AA99E95B-FFD3-4E4E-ABC9-89716BF30B6C}.Debug|x64.ActiveCfg = Debug|x64
		{AA99E95B-FFD3-4E4E-ABC9-89716BF30B6C}.Debug|x64.Build.0 = Debug|x64
		{AA99E95B-FFD3-4E4E-ABC9-89716BF30B6C}.Debug|x86.ActiveCfg = Debug|Win32
		{AA99E95B-FFD3-4E4E-ABC9-89716BF30B6C}.Debug|x86.Build.0 = Debug|Win32
		{AA99E95B-FFD3-4E4E-ABC9-89716BF30B6C}.Release|x64.ActiveCfg = Release|x64
		{AA99E95B-FFD3-4E4E-ABC9-89716BF30B6C}.Release|x64.Build.0 = Release|x64
		{AA99E95B-FFD3-4E4E-ABC9-89716BF30B6C}.Release|x86.ActiveCfg = Release|Win32
		{AA99E95B-FFD3-4E4E-ABC9-89716BF30B6C}.Release|x86.Build.0 = Release|Win32
		{64B6BAE1-14E6-4147-B1F8-8F58B225CF67}.Debug|x64.ActiveCfg = Debug|x64
		{64B6BAE1-14E6-4147-B1F8-8F58B225CF67}.Debug|x64.Build.0 = Debug|x64
		{64B6BAE1-14E6-4147-B1F8-8F58B225CF67}.Debug|x86.ActiveCfg = Debug|Win32
		{64B6BAE1-14E6-4147-B1F8-8F58B225CF67}.Debug|x86.Build.0 = Debug|Win32
		{64B6BAE1-14E6-4147-B1F8-8F58B225CF67}.Release|x64.ActiveCfg = Release|x64
		{64B6BAE1-14E6-4147-B1F8-8F58B225CF67}.Release|x64.Build.0 = Release|x64
		{64B6BAE1-14E6-4147-B1F8-8F58B225CF67}.Release|x86.ActiveCfg = Release|Win32
		{64B6BAE1-14E6-4147-B1F8-8F58B225CF67}.Release|x86.Build.0 = Release|Win32
		{AE5B7B39-8F71-4A98-B1E4-B75A00AF3884}.Debug|x64.ActiveCfg = Debug|x64
		{AE5B7B39-8F71-4A98-B1E4-B75A00AF3884}.Debug|x64.Build.0 = Debug|x64
		{AE5B7B39-8F71-4A98-B1E4-B75A00AF3884}.Debug|x86.ActiveCfg = Debug|Win32
		{AE5B7B39-8F71-4A98-B1E4-B75A00AF3884}.Debug|x86.Build.0 = Debug|Win32
		{AE5B7B39-8F71-4A98-B1E4-B75A00AF3884}.Release|x64.ActiveCfg = Release|x64
		{AE5B7B39-8F71-4A98-B1E4-B75A00AF3884}.Release|x64.Build.0 = Release|x64
		{AE5B7B39-8F71-4A98-B1E4-B75A00AF3884}.Release|x86.ActiveCfg = Release|Win32
		{AE5B7B39-8F71-4A98-B1E4-B75A00AF3884}.Release|x86.Build.0 = Release|Win32
		{1542985B-7C04-4679-96FE-29BAC61482E9}.Debug|x64.ActiveCfg = Debug|x64
		{1542985B-7C04-4679-96FE-29BAC61482E9}.Debug|x64.Build.0 = Debug|x64
		{1542985B-7C04-4679-96FE-29BAC61482E9}.Debug|x86.ActiveCfg = Debug|Win32
		{1542985B-7C04-4679-96FE-29BAC61482E9}.Debug|x86.Build.0 = Debug|Win32
		{1542985B-7C04-4679-96FE-29BAC61482E9}.Release|x64.ActiveCfg = Release|x64
		{1542985B-7C04-4679-96FE-29BAC61482E9}.Release|x64.Build.0 = Release|x64
		{1542985B-7C04-4679-96FE-29BAC61482E9}.Release|x86.ActiveCfg = Release|Win32
		{1542985B-7C04-4679-96FE-29BAC61482E9}.Release|x86.Build.0 = Release|Win32
		{E3CA652F-FED8-43BB-8700-7AC4BB297B93}.Debug|x64.ActiveCfg = Debug|x64
		{E3CA652F-FED8-43BB-8700-7AC4BB297B93}.Debug|x64.Build.0 = Debug|x64
		{E3CA652F-FED8-43BB-8700-7AC4BB297B93}.Debug|x86.ActiveCfg = Debug|Win32
		{E3CA652F-FED8-43BB-8700-7AC4BB297B93}.Debug|x86.Build.0 = Debug|Win32
		{E3CA652F-FED8-43BB-8700-7AC4BB297B93}.Release|x64.ActiveCfg = Release|x64
		{E3CA652F-FED8-43BB-8700-7AC4BB297B93}.Release|x64.Build.0 = Release|x64
		{E3CA652F-FED8-43BB-8700-7AC4BB297B93}.Release|x86.ActiveCfg = Release|Win32
		{E3CA652F-FED8-43BB-8700-7AC4BB297B93}.Release|x86.Build.0 = Release|Win32
		{9541544D-210D-4FE3-B7C4-AA57EEC00716}.Debug|x64.ActiveCfg = Debug|x64
		{9541544D-210D-4FE3-B7C4-AA57EEC00716}.Debug|x64.Build.0 = Debug|x64
		{9541544D-210D-4FE3-B7C4-AA57EEC00716}.Debug|x86.ActiveCfg = Debug|Win32
		{9541544D-210D-4FE3-B7C4-AA57EEC00716}.Debug|x86.Build.0 = Debug|Win32
		{9541544D-210D-4FE3-B7C4-AA57EEC00716}.Release|x64.ActiveCfg = Release|x64
		{9541544D-210D-4FE3-B7C4-AA57EEC00716}.Release|x64.Build.0 = Release|x64
		{9541544D-210D-4FE3-B7C4-AA57EEC00716}.Release|x86.ActiveCfg = Release|Win32
		{9541544D-210D-4FE3-B7C4-AA57EEC00716}.Release|x86.Build.0 = Release|Win32
		{9468E662-B621-49D1-8DCF-739EDDC2A4B4}.Debug|x64.ActiveCfg = Debug|x64
		{9468E662-B621-49D1-8DCF-739EDDC2A4B4}.Debug|x64.Build.0 = Debug|x64
		{9468E662-B621-49D1-8DCF-739EDDC2A4B4}.Debug|x86.ActiveCfg = Debug|Win32
		{9468E662-B621-49D1-8DCF-739EDDC2A4B4}.Debug|x86.Build.0 = Debug|Win32
		{9468E662-B621-49D1-8DCF-739EDDC2A4B4}.Release|x64.ActiveCfg = Release|x64
		{9468E662-B621-49D1-8DCF-739EDDC2A4B4}.Release|x64.Build.0 = Release|x64
		{9468E662-B621-49D1-8DCF-739EDDC2A4B4}.Release|x86.ActiveCfg = Release|Win32
		{9468E662-B621-49D1-8DCF-739EDDC2A4B4}.Release|x86.Build.0 = Release|Win32
		{E7367D0E-9B4C-4C23-9B0B-FC913B079059}.Debug|x64.ActiveCfg = Debug|x64
		{E7367D0E-9B4C-4C23-9B0B-FC913B079059}.Debug|x64.Build.0 = Debug|x64
		{E7367D0E-9B4C-4C23-9B0B-FC913B079059}.Debug|x86.ActiveCfg = Debug|Win32
		{E7367D0E-9B4C-4C23-9B0B-FC913B079059}.Debug|x86.Build.0 = Debug|Win32
		{E7367D0E-9B4C-4C23-9B0B-FC913B079059}.Release|x64.ActiveCfg = Release|x64
		{E7367D0E-9B4C-4C23-9B0B-FC913B079059}.Release|x64.Build.0 = Release|x64
		{E7367D0E-9B4C-4C23-9B0B-FC913B079059}.Release|x86.ActiveCfg = Release|Win32
		{E7367D0E-9B4C-4C23-9B0B-FC913B079059}.Release|x86.Build.0 = Release|Win32
		{E52F1CAC-7D64-460F-A9F2-94802C5F3CF8}.Debug|x64.ActiveCfg = Debug|x64
		{E52F1CAC-7D64-460F-A9F2-94802C5F3CF8}.Debug|x64.Build.0 = Debug|x64
		{E52F1CAC-7D64-460F-A9F2-94802C5F3CF8}.Debug|x86.ActiveCfg = Debug|Win32
		{E52F1CAC-7D64-460F-A9F2-94802C5F3CF8}.Debug|x86.Build.0 = Debug|Win32
		{E52F1CAC-7D64-460F-A9F2-94802C5F3CF8}.Release|x64.ActiveCfg = Release|x64
		{E52F1CAC-7D64-460F-A9F2-94802C5F3CF8}.Release|x64.Build.0 = Release|x64
		{E52F1CAC-7D64-460F-A9F2-94802C5F3CF8}.Release|x86.ActiveCfg = Release|Win32
		{E52F1CAC-7D64-460F-A9F2-94802C5F3CF8}.Release|x86.Build.0 = Release|Win32
		{78D2E51E-93C6-44D0-8AF2-1A63EE7B3608}.Debug|x64.ActiveCfg = Debug|x64
		{78D2E51E-93C6-44D0-8AF2-1A63EE7B3608}.Debug|x64.Build.0 = Debug|x64
		{78D2E51E-93C6-44D0-8AF2-1A63EE7B3608}.Debug|x86.ActiveCfg = Debug|Win32
		{78D2E51E-93C6-44D0-8AF2-1A63EE7B3608}.Debug|x86.Build.0 = Debug|Win32
		{78D2E51E-93C6-44D0-8AF2-1A63EE7B3608}.Release|x64.ActiveCfg = Release|x64
		{78D2E51E-93C6-44D0-8AF2-1A63EE7B3608}.Release|x64.Build.0 = Release|x64
		{78D2E51E-93C6-44D0-8AF2-1A63EE7B3608}.Release|x86.ActiveCfg = Release|Win32
		{78D2E51E-93C6-44D0-8AF2-1A63EE7B3608}.Release|x86.Build.0 = Release|Win32
		{F1342B42-0E29-4DC9-8F27-CCA555847AE5}.Debug|x64.ActiveCfg = Debug|x64
		{F1342B42-0E29-4DC9-8F27-CCA555847AE5}.Debug|x64.Build.0 = Debug|x64
		{F1342B42-0E29-4DC9-8F27-CCA555847AE5}.Debug|x86.ActiveCfg = Debug|Win32
		{F1342B42-0E29-4DC9-8F27-CCA555847AE5}.Debug|x86.Build.0 = Debug|Win32
		{F1342B42-0E29-4DC9-8F27-CCA555847AE5}.Release|x64.ActiveCfg = Release|x64
		{F1342B42-0E29-4DC9-8F27-CCA555847AE5}.Release|x64.Build.0 = Release|x64
		{F1342B42-0E29-4DC9-8F27-CCA555847AE5}.Release|x86.ActiveCfg = Release|Win32
		{F1342B42-0E29-4DC9-8F27-CCA555847AE5}.Release|x86.Build.0 = Release|Win32
		{0247CBCE-734E-40F0-AE85-2FC039DAE37A}.Debug|x64.ActiveCfg = Debug|x64
		{0247CBCE-734E-40F0-AE85-2FC039DAE37A}.Debug|x64.Build.0 = Debug|x64
		{0247CBCE-734E-40F0-AE85-2FC039DAE37A}.Debug|x86.ActiveCfg = Debug|Win32
		{0247CBCE-734E-40F0-AE85-2FC039DAE37A}.Debug|x86.Build.0 = Debug|Win32
		{0247CBCE-734E-40F0-AE85-2FC039DAE37A}.Release|x64.ActiveCfg = Release|x64
		{0247CBCE-734E-40F0-AE85-2FC039DAE37A}.Release|x64.Build.0 = Release|x64
		{0247CBCE-734E-40F0-AE85-2FC039DAE37A}.Release|x86.ActiveCfg = Release|Win32
		{0247CBCE-734E-40F0-AE85-2FC039DAE37A}.Release|x86.Build.0 = Release|Win32
		{8AFBFAB2-D87C-4136-BABA-2C97FD3780BE}.Debug|x64.ActiveCfg = Debug|x64
		{8AFBFAB2-D87C-4136-BABA-2C97FD3780BE}.Debug|x64.Build.0 = Debug|x64
		{8AFBFAB2-D87C-4136-BABA-2C97FD3780BE}.Debug|x86.ActiveCfg = Debug|Win32
		{8AFBFAB2-D87C-4136-BABA-2C97FD3780BE}.Debug|x86.Build.0 = Debug|Win32
		{8AFBFAB2-D87C-4136-BABA-2C97FD3780BE}.Release|x64.ActiveCfg = Release|x64
		{8AFBFAB2-D87C-4136-BABA-2C97FD3780BE}.Release|x64.Build.0 = Release|x64
		{8AFBFAB2-D87C-4136-BABA-2C97FD3780BE}.Release|x86.ActiveCfg = Release|Win32
		{8AFBFAB2-D87C-4136-BABA-2C97FD3780BE}.Release|x86.Build.0 = Release|Win32
	EndGlobalSection
	GlobalSection(SolutionProperties) = preSolution
		HideSolutionNode = FALSE
	EndGlobalSection
	GlobalSection(ExtensibilityGlobals) = postSolution
		SolutionGuid = {6278290A-E38F-43C2-9A46-8FCDA824F6FF}
	EndGlobalSection
EndGlobal
